// !$*UTF8*$!
{
	archiveVersion = 1;
	classes = {
	};
	objectVersion = 46;
	objects = {

/* Begin PBXBuildFile section */
		C91A0A991EBE746E007E8340 /* AppDelegate.swift in Sources */ = {isa = PBXBuildFile; fileRef = C91A0A981EBE746E007E8340 /* AppDelegate.swift */; };
		C91A0A9B1EBE746E007E8340 /* ViewController.swift in Sources */ = {isa = PBXBuildFile; fileRef = C91A0A9A1EBE746E007E8340 /* ViewController.swift */; };
		C91A0A9E1EBE746E007E8340 /* Main.storyboard in Resources */ = {isa = PBXBuildFile; fileRef = C91A0A9C1EBE746E007E8340 /* Main.storyboard */; };
		C91A0AA01EBE746E007E8340 /* Assets.xcassets in Resources */ = {isa = PBXBuildFile; fileRef = C91A0A9F1EBE746E007E8340 /* Assets.xcassets */; };
		C91A0AA31EBE746E007E8340 /* LaunchScreen.storyboard in Resources */ = {isa = PBXBuildFile; fileRef = C91A0AA11EBE746E007E8340 /* LaunchScreen.storyboard */; };
		C91A0AAE1EBE746E007E8340 /* LectureAppTests.swift in Sources */ = {isa = PBXBuildFile; fileRef = C91A0AAD1EBE746E007E8340 /* LectureAppTests.swift */; };
		C91A0AB91EBE746E007E8340 /* LectureAppUITests.swift in Sources */ = {isa = PBXBuildFile; fileRef = C91A0AB81EBE746E007E8340 /* LectureAppUITests.swift */; };
/* End PBXBuildFile section */

/* Begin PBXContainerItemProxy section */
		C91A0AAA1EBE746E007E8340 /* PBXContainerItemProxy */ = {
			isa = PBXContainerItemProxy;
			containerPortal = C91A0A8D1EBE746E007E8340 /* Project object */;
			proxyType = 1;
			remoteGlobalIDString = C91A0A941EBE746E007E8340;
			remoteInfo = LectureApp;
		};
		C91A0AB51EBE746E007E8340 /* PBXContainerItemProxy */ = {
			isa = PBXContainerItemProxy;
			containerPortal = C91A0A8D1EBE746E007E8340 /* Project object */;
			proxyType = 1;
			remoteGlobalIDString = C91A0A941EBE746E007E8340;
			remoteInfo = LectureApp;
		};
/* End PBXContainerItemProxy section */

/* Begin PBXFileReference section */
		C91A0A951EBE746E007E8340 /* LectureApp.app */ = {isa = PBXFileReference; explicitFileType = wrapper.application; includeInIndex = 0; path = LectureApp.app; sourceTree = BUILT_PRODUCTS_DIR; };
		C91A0A981EBE746E007E8340 /* AppDelegate.swift */ = {isa = PBXFileReference; lastKnownFileType = sourcecode.swift; path = AppDelegate.swift; sourceTree = "<group>"; };
		C91A0A9A1EBE746E007E8340 /* ViewController.swift */ = {isa = PBXFileReference; lastKnownFileType = sourcecode.swift; path = ViewController.swift; sourceTree = "<group>"; };
		C91A0A9D1EBE746E007E8340 /* Base */ = {isa = PBXFileReference; lastKnownFileType = file.storyboard; name = Base; path = Base.lproj/Main.storyboard; sourceTree = "<group>"; };
		C91A0A9F1EBE746E007E8340 /* Assets.xcassets */ = {isa = PBXFileReference; lastKnownFileType = folder.assetcatalog; path = Assets.xcassets; sourceTree = "<group>"; };
		C91A0AA21EBE746E007E8340 /* Base */ = {isa = PBXFileReference; lastKnownFileType = file.storyboard; name = Base; path = Base.lproj/LaunchScreen.storyboard; sourceTree = "<group>"; };
		C91A0AA41EBE746E007E8340 /* Info.plist */ = {isa = PBXFileReference; lastKnownFileType = text.plist.xml; path = Info.plist; sourceTree = "<group>"; };
		C91A0AA91EBE746E007E8340 /* LectureAppTests.xctest */ = {isa = PBXFileReference; explicitFileType = wrapper.cfbundle; includeInIndex = 0; path = LectureAppTests.xctest; sourceTree = BUILT_PRODUCTS_DIR; };
		C91A0AAD1EBE746E007E8340 /* LectureAppTests.swift */ = {isa = PBXFileReference; lastKnownFileType = sourcecode.swift; path = LectureAppTests.swift; sourceTree = "<group>"; };
		C91A0AAF1EBE746E007E8340 /* Info.plist */ = {isa = PBXFileReference; lastKnownFileType = text.plist.xml; path = Info.plist; sourceTree = "<group>"; };
		C91A0AB41EBE746E007E8340 /* LectureAppUITests.xctest */ = {isa = PBXFileReference; explicitFileType = wrapper.cfbundle; includeInIndex = 0; path = LectureAppUITests.xctest; sourceTree = BUILT_PRODUCTS_DIR; };
		C91A0AB81EBE746E007E8340 /* LectureAppUITests.swift */ = {isa = PBXFileReference; lastKnownFileType = sourcecode.swift; path = LectureAppUITests.swift; sourceTree = "<group>"; };
		C91A0ABA1EBE746E007E8340 /* Info.plist */ = {isa = PBXFileReference; lastKnownFileType = text.plist.xml; path = Info.plist; sourceTree = "<group>"; };
/* End PBXFileReference section */

/* Begin PBXFrameworksBuildPhase section */
		C91A0A921EBE746E007E8340 /* Frameworks */ = {
			isa = PBXFrameworksBuildPhase;
			buildActionMask = 2147483647;
			files = (
			);
			runOnlyForDeploymentPostprocessing = 0;
		};
		C91A0AA61EBE746E007E8340 /* Frameworks */ = {
			isa = PBXFrameworksBuildPhase;
			buildActionMask = 2147483647;
			files = (
			);
			runOnlyForDeploymentPostprocessing = 0;
		};
		C91A0AB11EBE746E007E8340 /* Frameworks */ = {
			isa = PBXFrameworksBuildPhase;
			buildActionMask = 2147483647;
			files = (
			);
			runOnlyForDeploymentPostprocessing = 0;
		};
/* End PBXFrameworksBuildPhase section */

/* Begin PBXGroup section */
		C91A0A8C1EBE746E007E8340 = {
			isa = PBXGroup;
			children = (
				C91A0A971EBE746E007E8340 /* LectureApp */,
				C91A0AAC1EBE746E007E8340 /* LectureAppTests */,
				C91A0AB71EBE746E007E8340 /* LectureAppUITests */,
				C91A0A961EBE746E007E8340 /* Products */,
			);
			sourceTree = "<group>";
		};
		C91A0A961EBE746E007E8340 /* Products */ = {
			isa = PBXGroup;
			children = (
				C91A0A951EBE746E007E8340 /* LectureApp.app */,
				C91A0AA91EBE746E007E8340 /* LectureAppTests.xctest */,
				C91A0AB41EBE746E007E8340 /* LectureAppUITests.xctest */,
			);
			name = Products;
			sourceTree = "<group>";
		};
		C91A0A971EBE746E007E8340 /* LectureApp */ = {
			isa = PBXGroup;
			children = (
				C91A0A981EBE746E007E8340 /* AppDelegate.swift */,
				C91A0A9A1EBE746E007E8340 /* ViewController.swift */,
				C91A0A9C1EBE746E007E8340 /* Main.storyboard */,
				C91A0A9F1EBE746E007E8340 /* Assets.xcassets */,
				C91A0AA11EBE746E007E8340 /* LaunchScreen.storyboard */,
				C91A0AA41EBE746E007E8340 /* Info.plist */,
			);
			path = LectureApp;
			sourceTree = "<group>";
		};
		C91A0AAC1EBE746E007E8340 /* LectureAppTests */ = {
			isa = PBXGroup;
			children = (
				C91A0AAD1EBE746E007E8340 /* LectureAppTests.swift */,
				C91A0AAF1EBE746E007E8340 /* Info.plist */,
			);
			path = LectureAppTests;
			sourceTree = "<group>";
		};
		C91A0AB71EBE746E007E8340 /* LectureAppUITests */ = {
			isa = PBXGroup;
			children = (
				C91A0AB81EBE746E007E8340 /* LectureAppUITests.swift */,
				C91A0ABA1EBE746E007E8340 /* Info.plist */,
			);
			path = LectureAppUITests;
			sourceTree = "<group>";
		};
/* End PBXGroup section */

/* Begin PBXNativeTarget section */
		C91A0A941EBE746E007E8340 /* LectureApp */ = {
			isa = PBXNativeTarget;
			buildConfigurationList = C91A0ABD1EBE746E007E8340 /* Build configuration list for PBXNativeTarget "LectureApp" */;
			buildPhases = (
				C91A0A911EBE746E007E8340 /* Sources */,
				C91A0A921EBE746E007E8340 /* Frameworks */,
				C91A0A931EBE746E007E8340 /* Resources */,
			);
			buildRules = (
			);
			dependencies = (
			);
			name = LectureApp;
			productName = LectureApp;
			productReference = C91A0A951EBE746E007E8340 /* LectureApp.app */;
			productType = "com.apple.product-type.application";
		};
		C91A0AA81EBE746E007E8340 /* LectureAppTests */ = {
			isa = PBXNativeTarget;
			buildConfigurationList = C91A0AC01EBE746E007E8340 /* Build configuration list for PBXNativeTarget "LectureAppTests" */;
			buildPhases = (
				C91A0AA51EBE746E007E8340 /* Sources */,
				C91A0AA61EBE746E007E8340 /* Frameworks */,
				C91A0AA71EBE746E007E8340 /* Resources */,
			);
			buildRules = (
			);
			dependencies = (
				C91A0AAB1EBE746E007E8340 /* PBXTargetDependency */,
			);
			name = LectureAppTests;
			productName = LectureAppTests;
			productReference = C91A0AA91EBE746E007E8340 /* LectureAppTests.xctest */;
			productType = "com.apple.product-type.bundle.unit-test";
		};
		C91A0AB31EBE746E007E8340 /* LectureAppUITests */ = {
			isa = PBXNativeTarget;
			buildConfigurationList = C91A0AC31EBE746E007E8340 /* Build configuration list for PBXNativeTarget "LectureAppUITests" */;
			buildPhases = (
				C91A0AB01EBE746E007E8340 /* Sources */,
				C91A0AB11EBE746E007E8340 /* Frameworks */,
				C91A0AB21EBE746E007E8340 /* Resources */,
			);
			buildRules = (
			);
			dependencies = (
				C91A0AB61EBE746E007E8340 /* PBXTargetDependency */,
			);
			name = LectureAppUITests;
			productName = LectureAppUITests;
			productReference = C91A0AB41EBE746E007E8340 /* LectureAppUITests.xctest */;
			productType = "com.apple.product-type.bundle.ui-testing";
		};
/* End PBXNativeTarget section */

/* Begin PBXProject section */
		C91A0A8D1EBE746E007E8340 /* Project object */ = {
			isa = PBXProject;
			attributes = {
				LastSwiftUpdateCheck = 0830;
				LastUpgradeCheck = 0830;
				ORGANIZATIONNAME = MattOs;
				TargetAttributes = {
					C91A0A941EBE746E007E8340 = {
						CreatedOnToolsVersion = 8.3;
						ProvisioningStyle = Automatic;
					};
					C91A0AA81EBE746E007E8340 = {
						CreatedOnToolsVersion = 8.3;
						ProvisioningStyle = Automatic;
						TestTargetID = C91A0A941EBE746E007E8340;
					};
					C91A0AB31EBE746E007E8340 = {
						CreatedOnToolsVersion = 8.3;
						ProvisioningStyle = Automatic;
						TestTargetID = C91A0A941EBE746E007E8340;
					};
				};
			};
			buildConfigurationList = C91A0A901EBE746E007E8340 /* Build configuration list for PBXProject "LectureApp" */;
			compatibilityVersion = "Xcode 3.2";
			developmentRegion = English;
			hasScannedForEncodings = 0;
			knownRegions = (
				en,
				Base,
			);
			mainGroup = C91A0A8C1EBE746E007E8340;
			productRefGroup = C91A0A961EBE746E007E8340 /* Products */;
			projectDirPath = "";
			projectRoot = "";
			targets = (
				C91A0A941EBE746E007E8340 /* LectureApp */,
				C91A0AA81EBE746E007E8340 /* LectureAppTests */,
				C91A0AB31EBE746E007E8340 /* LectureAppUITests */,
			);
		};
/* End PBXProject section */

/* Begin PBXResourcesBuildPhase section */
		C91A0A931EBE746E007E8340 /* Resources */ = {
			isa = PBXResourcesBuildPhase;
			buildActionMask = 2147483647;
			files = (
				C91A0AA31EBE746E007E8340 /* LaunchScreen.storyboard in Resources */,
				C91A0AA01EBE746E007E8340 /* Assets.xcassets in Resources */,
				C91A0A9E1EBE746E007E8340 /* Main.storyboard in Resources */,
			);
			runOnlyForDeploymentPostprocessing = 0;
		};
		C91A0AA71EBE746E007E8340 /* Resources */ = {
			isa = PBXResourcesBuildPhase;
			buildActionMask = 2147483647;
			files = (
			);
			runOnlyForDeploymentPostprocessing = 0;
		};
		C91A0AB21EBE746E007E8340 /* Resources */ = {
			isa = PBXResourcesBuildPhase;
			buildActionMask = 2147483647;
			files = (
			);
			runOnlyForDeploymentPostprocessing = 0;
		};
/* End PBXResourcesBuildPhase section */

/* Begin PBXSourcesBuildPhase section */
		C91A0A911EBE746E007E8340 /* Sources */ = {
			isa = PBXSourcesBuildPhase;
			buildActionMask = 2147483647;
			files = (
				C91A0A9B1EBE746E007E8340 /* ViewController.swift in Sources */,
				C91A0A991EBE746E007E8340 /* AppDelegate.swift in Sources */,
			);
			runOnlyForDeploymentPostprocessing = 0;
		};
		C91A0AA51EBE746E007E8340 /* Sources */ = {
			isa = PBXSourcesBuildPhase;
			buildActionMask = 2147483647;
			files = (
				C91A0AAE1EBE746E007E8340 /* LectureAppTests.swift in Sources */,
			);
			runOnlyForDeploymentPostprocessing = 0;
		};
		C91A0AB01EBE746E007E8340 /* Sources */ = {
			isa = PBXSourcesBuildPhase;
			buildActionMask = 2147483647;
			files = (
				C91A0AB91EBE746E007E8340 /* LectureAppUITests.swift in Sources */,
			);
			runOnlyForDeploymentPostprocessing = 0;
		};
/* End PBXSourcesBuildPhase section */

/* Begin PBXTargetDependency section */
		C91A0AAB1EBE746E007E8340 /* PBXTargetDependency */ = {
			isa = PBXTargetDependency;
			target = C91A0A941EBE746E007E8340 /* LectureApp */;
			targetProxy = C91A0AAA1EBE746E007E8340 /* PBXContainerItemProxy */;
		};
		C91A0AB61EBE746E007E8340 /* PBXTargetDependency */ = {
			isa = PBXTargetDependency;
			target = C91A0A941EBE746E007E8340 /* LectureApp */;
			targetProxy = C91A0AB51EBE746E007E8340 /* PBXContainerItemProxy */;
		};
/* End PBXTargetDependency section */

/* Begin PBXVariantGroup section */
		C91A0A9C1EBE746E007E8340 /* Main.storyboard */ = {
			isa = PBXVariantGroup;
			children = (
				C91A0A9D1EBE746E007E8340 /* Base */,
			);
			name = Main.storyboard;
			sourceTree = "<group>";
		};
		C91A0AA11EBE746E007E8340 /* LaunchScreen.storyboard */ = {
			isa = PBXVariantGroup;
			children = (
				C91A0AA21EBE746E007E8340 /* Base */,
			);
			name = LaunchScreen.storyboard;
			sourceTree = "<group>";
		};
/* End PBXVariantGroup section */

/* Begin XCBuildConfiguration section */
		C91A0ABB1EBE746E007E8340 /* Debug */ = {
			isa = XCBuildConfiguration;
			buildSettings = {
				ALWAYS_SEARCH_USER_PATHS = NO;
				CLANG_ANALYZER_NONNULL = YES;
				CLANG_ANALYZER_NUMBER_OBJECT_CONVERSION = YES_AGGRESSIVE;
				CLANG_CXX_LANGUAGE_STANDARD = "gnu++0x";
				CLANG_CXX_LIBRARY = "libc++";
				CLANG_ENABLE_MODULES = YES;
				CLANG_ENABLE_OBJC_ARC = YES;
				CLANG_WARN_BOOL_CONVERSION = YES;
				CLANG_WARN_CONSTANT_CONVERSION = YES;
				CLANG_WARN_DIRECT_OBJC_ISA_USAGE = YES_ERROR;
				CLANG_WARN_DOCUMENTATION_COMMENTS = YES;
				CLANG_WARN_EMPTY_BODY = YES;
				CLANG_WARN_ENUM_CONVERSION = YES;
				CLANG_WARN_INFINITE_RECURSION = YES;
				CLANG_WARN_INT_CONVERSION = YES;
				CLANG_WARN_OBJC_ROOT_CLASS = YES_ERROR;
				CLANG_WARN_SUSPICIOUS_MOVE = YES;
				CLANG_WARN_UNREACHABLE_CODE = YES;
				CLANG_WARN__DUPLICATE_METHOD_MATCH = YES;
				"CODE_SIGN_IDENTITY[sdk=iphoneos*]" = "iPhone Developer";
				COPY_PHASE_STRIP = NO;
				DEBUG_INFORMATION_FORMAT = dwarf;
				ENABLE_STRICT_OBJC_MSGSEND = YES;
				ENABLE_TESTABILITY = YES;
				GCC_C_LANGUAGE_STANDARD = gnu99;
				GCC_DYNAMIC_NO_PIC = NO;
				GCC_NO_COMMON_BLOCKS = YES;
				GCC_OPTIMIZATION_LEVEL = 0;
				GCC_PREPROCESSOR_DEFINITIONS = (
					"DEBUG=1",
					"$(inherited)",
				);
				GCC_WARN_64_TO_32_BIT_CONVERSION = YES;
				GCC_WARN_ABOUT_RETURN_TYPE = YES_ERROR;
				GCC_WARN_UNDECLARED_SELECTOR = YES;
				GCC_WARN_UNINITIALIZED_AUTOS = YES_AGGRESSIVE;
				GCC_WARN_UNUSED_FUNCTION = YES;
				GCC_WARN_UNUSED_VARIABLE = YES;
				IPHONEOS_DEPLOYMENT_TARGET = 10.3;
				MTL_ENABLE_DEBUG_INFO = YES;
				ONLY_ACTIVE_ARCH = YES;
				SDKROOT = iphoneos;
				SWIFT_ACTIVE_COMPILATION_CONDITIONS = DEBUG;
				SWIFT_OPTIMIZATION_LEVEL = "-Onone";
				TARGETED_DEVICE_FAMILY = "1,2";
			};
			name = Debug;
		};
		C91A0ABC1EBE746E007E8340 /* Release */ = {
			isa = XCBuildConfiguration;
			buildSettings = {
				ALWAYS_SEARCH_USER_PATHS = NO;
				CLANG_ANALYZER_NONNULL = YES;
				CLANG_ANALYZER_NUMBER_OBJECT_CONVERSION = YES_AGGRESSIVE;
				CLANG_CXX_LANGUAGE_STANDARD = "gnu++0x";
				CLANG_CXX_LIBRARY = "libc++";
				CLANG_ENABLE_MODULES = YES;
				CLANG_ENABLE_OBJC_ARC = YES;
				CLANG_WARN_BOOL_CONVERSION = YES;
				CLANG_WARN_CONSTANT_CONVERSION = YES;
				CLANG_WARN_DIRECT_OBJC_ISA_USAGE = YES_ERROR;
				CLANG_WARN_DOCUMENTATION_COMMENTS = YES;
				CLANG_WARN_EMPTY_BODY = YES;
				CLANG_WARN_ENUM_CONVERSION = YES;
				CLANG_WARN_INFINITE_RECURSION = YES;
				CLANG_WARN_INT_CONVERSION = YES;
				CLANG_WARN_OBJC_ROOT_CLASS = YES_ERROR;
				CLANG_WARN_SUSPICIOUS_MOVE = YES;
				CLANG_WARN_UNREACHABLE_CODE = YES;
				CLANG_WARN__DUPLICATE_METHOD_MATCH = YES;
				"CODE_SIGN_IDENTITY[sdk=iphoneos*]" = "iPhone Developer";
				COPY_PHASE_STRIP = NO;
				DEBUG_INFORMATION_FORMAT = "dwarf-with-dsym";
				ENABLE_NS_ASSERTIONS = NO;
				ENABLE_STRICT_OBJC_MSGSEND = YES;
				GCC_C_LANGUAGE_STANDARD = gnu99;
				GCC_NO_COMMON_BLOCKS = YES;
				GCC_WARN_64_TO_32_BIT_CONVERSION = YES;
				GCC_WARN_ABOUT_RETURN_TYPE = YES_ERROR;
				GCC_WARN_UNDECLARED_SELECTOR = YES;
				GCC_WARN_UNINITIALIZED_AUTOS = YES_AGGRESSIVE;
				GCC_WARN_UNUSED_FUNCTION = YES;
				GCC_WARN_UNUSED_VARIABLE = YES;
				IPHONEOS_DEPLOYMENT_TARGET = 10.3;
				MTL_ENABLE_DEBUG_INFO = NO;
				SDKROOT = iphoneos;
				SWIFT_OPTIMIZATION_LEVEL = "-Owholemodule";
				TARGETED_DEVICE_FAMILY = "1,2";
				VALIDATE_PRODUCT = YES;
			};
			name = Release;
		};
		C91A0ABE1EBE746E007E8340 /* Debug */ = {
			isa = XCBuildConfiguration;
			buildSettings = {
				ASSETCATALOG_COMPILER_APPICON_NAME = AppIcon;
				INFOPLIST_FILE = LectureApp/Info.plist;
				LD_RUNPATH_SEARCH_PATHS = "$(inherited) @executable_path/Frameworks";
				PRODUCT_BUNDLE_IDENTIFIER = Student.LectureApp;
				PRODUCT_NAME = "$(TARGET_NAME)";
				SWIFT_VERSION = 3.0;
			};
			name = Debug;
		};
		C91A0ABF1EBE746E007E8340 /* Release */ = {
			isa = XCBuildConfiguration;
			buildSettings = {
				ASSETCATALOG_COMPILER_APPICON_NAME = AppIcon;
				INFOPLIST_FILE = LectureApp/Info.plist;
				LD_RUNPATH_SEARCH_PATHS = "$(inherited) @executable_path/Frameworks";
				PRODUCT_BUNDLE_IDENTIFIER = Student.LectureApp;
				PRODUCT_NAME = "$(TARGET_NAME)";
				SWIFT_VERSION = 3.0;
			};
			name = Release;
		};
		C91A0AC11EBE746E007E8340 /* Debug */ = {
			isa = XCBuildConfiguration;
			buildSettings = {
				ALWAYS_EMBED_SWIFT_STANDARD_LIBRARIES = YES;
				BUNDLE_LOADER = "$(TEST_HOST)";
				INFOPLIST_FILE = LectureAppTests/Info.plist;
				LD_RUNPATH_SEARCH_PATHS = "$(inherited) @executable_path/Frameworks @loader_path/Frameworks";
				PRODUCT_BUNDLE_IDENTIFIER = Student.LectureAppTests;
				PRODUCT_NAME = "$(TARGET_NAME)";
				SWIFT_VERSION = 3.0;
				TEST_HOST = "$(BUILT_PRODUCTS_DIR)/LectureApp.app/LectureApp";
			};
			name = Debug;
		};
		C91A0AC21EBE746E007E8340 /* Release */ = {
			isa = XCBuildConfiguration;
			buildSettings = {
				ALWAYS_EMBED_SWIFT_STANDARD_LIBRARIES = YES;
				BUNDLE_LOADER = "$(TEST_HOST)";
				INFOPLIST_FILE = LectureAppTests/Info.plist;
				LD_RUNPATH_SEARCH_PATHS = "$(inherited) @executable_path/Frameworks @loader_path/Frameworks";
				PRODUCT_BUNDLE_IDENTIFIER = Student.LectureAppTests;
				PRODUCT_NAME = "$(TARGET_NAME)";
				SWIFT_VERSION = 3.0;
				TEST_HOST = "$(BUILT_PRODUCTS_DIR)/LectureApp.app/LectureApp";
			};
			name = Release;
		};
		C91A0AC41EBE746E007E8340 /* Debug */ = {
			isa = XCBuildConfiguration;
			buildSettings = {
				ALWAYS_EMBED_SWIFT_STANDARD_LIBRARIES = YES;
				INFOPLIST_FILE = LectureAppUITests/Info.plist;
				LD_RUNPATH_SEARCH_PATHS = "$(inherited) @executable_path/Frameworks @loader_path/Frameworks";
				PRODUCT_BUNDLE_IDENTIFIER = Student.LectureAppUITests;
				PRODUCT_NAME = "$(TARGET_NAME)";
				SWIFT_VERSION = 3.0;
				TEST_TARGET_NAME = LectureApp;
			};
			name = Debug;
		};
		C91A0AC51EBE746E007E8340 /* Release */ = {
			isa = XCBuildConfiguration;
			buildSettings = {
				ALWAYS_EMBED_SWIFT_STANDARD_LIBRARIES = YES;
				INFOPLIST_FILE = LectureAppUITests/Info.plist;
				LD_RUNPATH_SEARCH_PATHS = "$(inherited) @executable_path/Frameworks @loader_path/Frameworks";
				PRODUCT_BUNDLE_IDENTIFIER = Student.LectureAppUITests;
				PRODUCT_NAME = "$(TARGET_NAME)";
				SWIFT_VERSION = 3.0;
				TEST_TARGET_NAME = LectureApp;
			};
			name = Release;
		};
/* End XCBuildConfiguration section */

/* Begin XCConfigurationList section */
		C91A0A901EBE746E007E8340 /* Build configuration list for PBXProject "LectureApp" */ = {
			isa = XCConfigurationList;
			buildConfigurations = (
				C91A0ABB1EBE746E007E8340 /* Debug */,
				C91A0ABC1EBE746E007E8340 /* Release */,
			);
			defaultConfigurationIsVisible = 0;
			defaultConfigurationName = Release;
		};
		C91A0ABD1EBE746E007E8340 /* Build configuration list for PBXNativeTarget "LectureApp" */ = {
			isa = XCConfigurationList;
			buildConfigurations = (
				C91A0ABE1EBE746E007E8340 /* Debug */,
				C91A0ABF1EBE746E007E8340 /* Release */,
			);
			defaultConfigurationIsVisible = 0;
		};
		C91A0AC01EBE746E007E8340 /* Build configuration list for PBXNativeTarget "LectureAppTests" */ = {
			isa = XCConfigurationList;
			buildConfigurations = (
				C91A0AC11EBE746E007E8340 /* Debug */,
				C91A0AC21EBE746E007E8340 /* Release */,
			);
			defaultConfigurationIsVisible = 0;
		};
		C91A0AC31EBE746E007E8340 /* Build configuration list for PBXNativeTarget "LectureAppUITests" */ = {
			isa = XCConfigurationList;
			buildConfigurations = (
				C91A0AC41EBE746E007E8340 /* Debug */,
				C91A0AC51EBE746E007E8340 /* Release */,
			);
			defaultConfigurationIsVisible = 0;
		};
/* End XCConfigurationList section */
	};
	rootObject = C91A0A8D1EBE746E007E8340 /* Project object */;
}
